
Microsoft Visual Studio Solution File, Format Version 12.00
# Visual Studio Version 17
VisualStudioVersion = 17.6.33815.320
MinimumVisualStudioVersion = 10.0.40219.1
Project("{FAE04EC0-301F-11D3-BF4B-00C04F79EFBC}") = "IDS346LConvertDecimalToRoman", "IDS346LConvertDecimalToRoman.csproj", "{4CCADA45-A888-4F5B-A3AD-1BD79D6E2874}"
EndProject
Global
	GlobalSection(SolutionConfigurationPlatforms) = preSolution
		Debug|Any CPU = Debug|Any CPU
		Release|Any CPU = Release|Any CPU
	EndGlobalSection
	GlobalSection(ProjectConfigurationPlatforms) = postSolution
		{4CCADA45-A888-4F5B-A3AD-1BD79D6E2874}.Debug|Any CPU.ActiveCfg = Debug|Any CPU
		{4CCADA45-A888-4F5B-A3AD-1BD79D6E2874}.Debug|Any CPU.Build.0 = Debug|Any CPU
		{4CCADA45-A888-4F5B-A3AD-1BD79D6E2874}.Release|Any CPU.ActiveCfg = Release|Any CPU
		{4CCADA45-A888-4F5B-A3AD-1BD79D6E2874}.Release|Any CPU.Build.0 = Release|Any CPU
	EndGlobalSection
	GlobalSection(SolutionProperties) = preSolution
		HideSolutionNode = FALSE
	EndGlobalSection
	GlobalSection(ExtensibilityGlobals) = postSolution
		SolutionGuid = {F4CACF9E-303B-4D3A-80D4-9ACF3A6F8318}
	EndGlobalSection
EndGlobal
